
Microsoft Visual Studio Solution File, Format Version 12.00
# Visual Studio Version 16
VisualStudioVersion = 16.0.31229.75
MinimumVisualStudioVersion = 10.0.40219.1
Project("{9A19103F-16F7-4668-BE54-9A1E7A4F7556}") = "Matemagicas.Ex1", "Matemagicas.Ex1\Matemagicas.Ex1.csproj", "{DB55C26A-FCE5-4860-87E0-5972F39CEB2E}"
EndProject
Project("{FAE04EC0-301F-11D3-BF4B-00C04F79EFBC}") = "Matemagicas.Ex2", "Matemagicas.Ex2\Matemagicas.Ex2.csproj", "{C082FFC8-995F-442F-9FFC-E4FA7328C913}"
EndProject
Global
	GlobalSection(SolutionConfigurationPlatforms) = preSolution
		Debug|Any CPU = Debug|Any CPU
		Release|Any CPU = Release|Any CPU
	EndGlobalSection
	GlobalSection(ProjectConfigurationPlatforms) = postSolution
		{DB55C26A-FCE5-4860-87E0-5972F39CEB2E}.Debug|Any CPU.ActiveCfg = Debug|Any CPU
		{DB55C26A-FCE5-4860-87E0-5972F39CEB2E}.Debug|Any CPU.Build.0 = Debug|Any CPU
		{DB55C26A-FCE5-4860-87E0-5972F39CEB2E}.Release|Any CPU.ActiveCfg = Release|Any CPU
		{DB55C26A-FCE5-4860-87E0-5972F39CEB2E}.Release|Any CPU.Build.0 = Release|Any CPU
		{C082FFC8-995F-442F-9FFC-E4FA7328C913}.Debug|Any CPU.ActiveCfg = Debug|Any CPU
		{C082FFC8-995F-442F-9FFC-E4FA7328C913}.Debug|Any CPU.Build.0 = Debug|Any CPU
		{C082FFC8-995F-442F-9FFC-E4FA7328C913}.Release|Any CPU.ActiveCfg = Release|Any CPU
		{C082FFC8-995F-442F-9FFC-E4FA7328C913}.Release|Any CPU.Build.0 = Release|Any CPU
	EndGlobalSection
	GlobalSection(SolutionProperties) = preSolution
		HideSolutionNode = FALSE
	EndGlobalSection
	GlobalSection(ExtensibilityGlobals) = postSolution
		SolutionGuid = {74C2D8E7-6D2E-484B-B812-721B3D6795F5}
	EndGlobalSection
EndGlobal
